{
  "name": "esp-chat-react",
  "version": "0.0.1",
  "dependencies": {
    "esp-js": {
      "version": "0.0.11",
      "from": "esp-js@0.0.11",
      "resolved": "https://registry.npmjs.org/esp-js/-/esp-js-0.0.11.tgz"
    },
    "node-uuid": {
      "version": "1.4.3",
      "from": "https://registry.npmjs.org/node-uuid/-/node-uuid-1.4.3.tgz",
      "resolved": "https://registry.npmjs.org/node-uuid/-/node-uuid-1.4.3.tgz"
    },
    "react": {
      "version": "0.12.2",
      "from": "https://registry.npmjs.org/react/-/react-0.12.2.tgz",
      "resolved": "https://registry.npmjs.org/react/-/react-0.12.2.tgz"
    },
    "rx": {
      "version": "2.5.3",
      "from": "https://registry.npmjs.org/rx/-/rx-2.5.3.tgz",
      "resolved": "https://registry.npmjs.org/rx/-/rx-2.5.3.tgz"
    }
  }
}
