{
  "name": "esp-chat-react",
  "version": "0.0.1",
  "dependencies": {
    "esp-js": {
      "version": "0.1.1",
      "from": "esp-js@>=0.1.1 <0.2.0",
      "resolved": "https://registry.npmjs.org/esp-js/-/esp-js-0.1.1.tgz"
    },
    "react": {
      "version": "0.13.3",
      "from": "react@>=0.13.3 <0.14.0",
      "resolved": "https://registry.npmjs.org/react/-/react-0.13.3.tgz",
      "dependencies": {
        "envify": {
          "version": "3.4.0",
          "from": "envify@>=3.0.0 <4.0.0",
          "resolved": "https://registry.npmjs.org/envify/-/envify-3.4.0.tgz",
          "dependencies": {
            "through": {
              "version": "2.3.8",
              "from": "through@>=2.3.4 <2.4.0",
              "resolved": "https://registry.npmjs.org/through/-/through-2.3.8.tgz"
            },
            "jstransform": {
              "version": "10.1.0",
              "from": "jstransform@>=10.0.1 <11.0.0",
              "resolved": "https://registry.npmjs.org/jstransform/-/jstransform-10.1.0.tgz",
              "dependencies": {
                "base62": {
                  "version": "0.1.1",
                  "from": "base62@0.1.1",
                  "resolved": "https://registry.npmjs.org/base62/-/base62-0.1.1.tgz"
                },
                "esprima-fb": {
                  "version": "13001.1001.0-dev-harmony-fb",
                  "from": "esprima-fb@13001.1001.0-dev-harmony-fb",
                  "resolved": "https://registry.npmjs.org/esprima-fb/-/esprima-fb-13001.1001.0-dev-harmony-fb.tgz"
                },
                "source-map": {
                  "version": "0.1.31",
                  "from": "source-map@0.1.31",
                  "resolved": "https://registry.npmjs.org/source-map/-/source-map-0.1.31.tgz",
                  "dependencies": {
                    "amdefine": {
                      "version": "1.0.0",
                      "from": "amdefine@>=0.0.4",
                      "resolved": "https://registry.npmjs.org/amdefine/-/amdefine-1.0.0.tgz"
                    }
                  }
                }
              }
            }
          }
        }
      }
    }
  }
}
